<?xml version="1.0" encoding="UTF-8"?>
<!DOCTYPE plist PUBLIC "-//Apple//DTD PLIST 1.0//EN" "http://www.apple.com/DTDs/PropertyList-1.0.dtd">
<plist version="1.0">
<dict>
	<key>archiveVersion</key>
	<string>1</string>
	<key>classes</key>
	<dict/>
	<key>objectVersion</key>
	<string>46</string>
	<key>objects</key>
	<dict>
		<key>008F07F21AC5B25A0029DE68</key>
		<dict>
			<key>fileEncoding</key>
			<string>4</string>
			<key>isa</key>
			<string>PBXFileReference</string>
			<key>lastKnownFileType</key>
			<string>text</string>
			<key>path</key>
			<string>main.jsbundle</string>
			<key>sourceTree</key>
			<string>&lt;group&gt;</string>
		</dict>
		<key>00C302A71ABCB8CE00DB3ED1</key>
		<dict>
			<key>isa</key>
			<string>PBXFileReference</string>
			<key>lastKnownFileType</key>
			<string>wrapper.pb-project</string>
			<key>name</key>
			<string>RCTActionSheet.xcodeproj</string>
			<key>path</key>
			<string>../node_modules/react-native/Libraries/ActionSheetIOS/RCTActionSheet.xcodeproj</string>
			<key>sourceTree</key>
			<string>&lt;group&gt;</string>
		</dict>
		<key>00C302A81ABCB8CE00DB3ED1</key>
		<dict>
			<key>children</key>
			<array>
				<string>00C302AC1ABCB8CE00DB3ED1</string>
			</array>
			<key>isa</key>
			<string>PBXGroup</string>
			<key>name</key>
			<string>Products</string>
			<key>sourceTree</key>
			<string>&lt;group&gt;</string>
		</dict>
		<key>00C302AB1ABCB8CE00DB3ED1</key>
		<dict>
			<key>containerPortal</key>
			<string>00C302A71ABCB8CE00DB3ED1</string>
			<key>isa</key>
			<string>PBXContainerItemProxy</string>
			<key>proxyType</key>
			<string>2</string>
			<key>remoteGlobalIDString</key>
			<string>134814201AA4EA6300B7C361</string>
			<key>remoteInfo</key>
			<string>RCTActionSheet</string>
		</dict>
		<key>00C302AC1ABCB8CE00DB3ED1</key>
		<dict>
			<key>fileType</key>
			<string>archive.ar</string>
			<key>isa</key>
			<string>PBXReferenceProxy</string>
			<key>path</key>
			<string>libRCTActionSheet.a</string>
			<key>remoteRef</key>
			<string>00C302AB1ABCB8CE00DB3ED1</string>
			<key>sourceTree</key>
			<string>BUILT_PRODUCTS_DIR</string>
		</dict>
		<key>00C302B51ABCB90400DB3ED1</key>
		<dict>
			<key>isa</key>
			<string>PBXFileReference</string>
			<key>lastKnownFileType</key>
			<string>wrapper.pb-project</string>
			<key>name</key>
			<string>RCTGeolocation.xcodeproj</string>
			<key>path</key>
			<string>../node_modules/react-native/Libraries/Geolocation/RCTGeolocation.xcodeproj</string>
			<key>sourceTree</key>
			<string>&lt;group&gt;</string>
		</dict>
		<key>00C302B61ABCB90400DB3ED1</key>
		<dict>
			<key>children</key>
			<array>
				<string>00C302BA1ABCB90400DB3ED1</string>
			</array>
			<key>isa</key>
			<string>PBXGroup</string>
			<key>name</key>
			<string>Products</string>
			<key>sourceTree</key>
			<string>&lt;group&gt;</string>
		</dict>
		<key>00C302B91ABCB90400DB3ED1</key>
		<dict>
			<key>containerPortal</key>
			<string>00C302B51ABCB90400DB3ED1</string>
			<key>isa</key>
			<string>PBXContainerItemProxy</string>
			<key>proxyType</key>
			<string>2</string>
			<key>remoteGlobalIDString</key>
			<string>134814201AA4EA6300B7C361</string>
			<key>remoteInfo</key>
			<string>RCTGeolocation</string>
		</dict>
		<key>00C302BA1ABCB90400DB3ED1</key>
		<dict>
			<key>fileType</key>
			<string>archive.ar</string>
			<key>isa</key>
			<string>PBXReferenceProxy</string>
			<key>path</key>
			<string>libRCTGeolocation.a</string>
			<key>remoteRef</key>
			<string>00C302B91ABCB90400DB3ED1</string>
			<key>sourceTree</key>
			<string>BUILT_PRODUCTS_DIR</string>
		</dict>
		<key>00C302BB1ABCB91800DB3ED1</key>
		<dict>
			<key>isa</key>
			<string>PBXFileReference</string>
			<key>lastKnownFileType</key>
			<string>wrapper.pb-project</string>
			<key>name</key>
			<string>RCTImage.xcodeproj</string>
			<key>path</key>
			<string>../node_modules/react-native/Libraries/Image/RCTImage.xcodeproj</string>
			<key>sourceTree</key>
			<string>&lt;group&gt;</string>
		</dict>
		<key>00C302BC1ABCB91800DB3ED1</key>
		<dict>
			<key>children</key>
			<array>
				<string>00C302C01ABCB91800DB3ED1</string>
			</array>
			<key>isa</key>
			<string>PBXGroup</string>
			<key>name</key>
			<string>Products</string>
			<key>sourceTree</key>
			<string>&lt;group&gt;</string>
		</dict>
		<key>00C302BF1ABCB91800DB3ED1</key>
		<dict>
			<key>containerPortal</key>
			<string>00C302BB1ABCB91800DB3ED1</string>
			<key>isa</key>
			<string>PBXContainerItemProxy</string>
			<key>proxyType</key>
			<string>2</string>
			<key>remoteGlobalIDString</key>
			<string>58B5115D1A9E6B3D00147676</string>
			<key>remoteInfo</key>
			<string>RCTImage</string>
		</dict>
		<key>00C302C01ABCB91800DB3ED1</key>
		<dict>
			<key>fileType</key>
			<string>archive.ar</string>
			<key>isa</key>
			<string>PBXReferenceProxy</string>
			<key>path</key>
			<string>libRCTImage.a</string>
			<key>remoteRef</key>
			<string>00C302BF1ABCB91800DB3ED1</string>
			<key>sourceTree</key>
			<string>BUILT_PRODUCTS_DIR</string>
		</dict>
		<key>00C302D31ABCB9D200DB3ED1</key>
		<dict>
			<key>isa</key>
			<string>PBXFileReference</string>
			<key>lastKnownFileType</key>
			<string>wrapper.pb-project</string>
			<key>name</key>
			<string>RCTNetwork.xcodeproj</string>
			<key>path</key>
			<string>../node_modules/react-native/Libraries/Network/RCTNetwork.xcodeproj</string>
			<key>sourceTree</key>
			<string>&lt;group&gt;</string>
		</dict>
		<key>00C302D41ABCB9D200DB3ED1</key>
		<dict>
			<key>children</key>
			<array>
				<string>00C302DC1ABCB9D200DB3ED1</string>
			</array>
			<key>isa</key>
			<string>PBXGroup</string>
			<key>name</key>
			<string>Products</string>
			<key>sourceTree</key>
			<string>&lt;group&gt;</string>
		</dict>
		<key>00C302DB1ABCB9D200DB3ED1</key>
		<dict>
			<key>containerPortal</key>
			<string>00C302D31ABCB9D200DB3ED1</string>
			<key>isa</key>
			<string>PBXContainerItemProxy</string>
			<key>proxyType</key>
			<string>2</string>
			<key>remoteGlobalIDString</key>
			<string>58B511DB1A9E6C8500147676</string>
			<key>remoteInfo</key>
			<string>RCTNetwork</string>
		</dict>
		<key>00C302DC1ABCB9D200DB3ED1</key>
		<dict>
			<key>fileType</key>
			<string>archive.ar</string>
			<key>isa</key>
			<string>PBXReferenceProxy</string>
			<key>path</key>
			<string>libRCTNetwork.a</string>
			<key>remoteRef</key>
			<string>00C302DB1ABCB9D200DB3ED1</string>
			<key>sourceTree</key>
			<string>BUILT_PRODUCTS_DIR</string>
		</dict>
		<key>00C302DF1ABCB9EE00DB3ED1</key>
		<dict>
			<key>isa</key>
			<string>PBXFileReference</string>
			<key>lastKnownFileType</key>
			<string>wrapper.pb-project</string>
			<key>name</key>
			<string>RCTVibration.xcodeproj</string>
			<key>path</key>
			<string>../node_modules/react-native/Libraries/Vibration/RCTVibration.xcodeproj</string>
			<key>sourceTree</key>
			<string>&lt;group&gt;</string>
		</dict>
		<key>00C302E01ABCB9EE00DB3ED1</key>
		<dict>
			<key>children</key>
			<array>
				<string>00C302E41ABCB9EE00DB3ED1</string>
			</array>
			<key>isa</key>
			<string>PBXGroup</string>
			<key>name</key>
			<string>Products</string>
			<key>sourceTree</key>
			<string>&lt;group&gt;</string>
		</dict>
		<key>00C302E31ABCB9EE00DB3ED1</key>
		<dict>
			<key>containerPortal</key>
			<string>00C302DF1ABCB9EE00DB3ED1</string>
			<key>isa</key>
			<string>PBXContainerItemProxy</string>
			<key>proxyType</key>
			<string>2</string>
			<key>remoteGlobalIDString</key>
			<string>832C81801AAF6DEF007FA2F7</string>
			<key>remoteInfo</key>
			<string>RCTVibration</string>
		</dict>
		<key>00C302E41ABCB9EE00DB3ED1</key>
		<dict>
			<key>fileType</key>
			<string>archive.ar</string>
			<key>isa</key>
			<string>PBXReferenceProxy</string>
			<key>path</key>
			<string>libRCTVibration.a</string>
			<key>remoteRef</key>
			<string>00C302E31ABCB9EE00DB3ED1</string>
			<key>sourceTree</key>
			<string>BUILT_PRODUCTS_DIR</string>
		</dict>
		<key>00C302E51ABCBA2D00DB3ED1</key>
		<dict>
			<key>fileRef</key>
			<string>00C302AC1ABCB8CE00DB3ED1</string>
			<key>isa</key>
			<string>PBXBuildFile</string>
		</dict>
		<key>00C302E71ABCBA2D00DB3ED1</key>
		<dict>
			<key>fileRef</key>
			<string>00C302BA1ABCB90400DB3ED1</string>
			<key>isa</key>
			<string>PBXBuildFile</string>
		</dict>
		<key>00C302E81ABCBA2D00DB3ED1</key>
		<dict>
			<key>fileRef</key>
			<string>00C302C01ABCB91800DB3ED1</string>
			<key>isa</key>
			<string>PBXBuildFile</string>
		</dict>
		<key>00C302E91ABCBA2D00DB3ED1</key>
		<dict>
			<key>fileRef</key>
			<string>00C302DC1ABCB9D200DB3ED1</string>
			<key>isa</key>
			<string>PBXBuildFile</string>
		</dict>
		<key>00C302EA1ABCBA2D00DB3ED1</key>
		<dict>
			<key>fileRef</key>
			<string>00C302E41ABCB9EE00DB3ED1</string>
			<key>isa</key>
			<string>PBXBuildFile</string>
		</dict>
		<key>00DD1BFF1BD5951E006B06BC</key>
		<dict>
			<key>buildActionMask</key>
			<string>2147483647</string>
			<key>files</key>
			<array/>
			<key>inputPaths</key>
			<array/>
			<key>isa</key>
			<string>PBXShellScriptBuildPhase</string>
			<key>name</key>
			<string>Bundle React Native code and images</string>
			<key>outputPaths</key>
			<array/>
			<key>runOnlyForDeploymentPostprocessing</key>
			<string>0</string>
			<key>shellPath</key>
			<string>/bin/sh</string>
			<key>shellScript</key>
			<string>export NODE_BINARY=node
../node_modules/react-native/packager/react-native-xcode.sh</string>
		</dict>
		<key>00E356EA1AD99517003FC87E</key>
		<dict>
			<key>buildActionMask</key>
			<string>2147483647</string>
			<key>files</key>
			<array>
				<string>00E356F31AD99517003FC87E</string>
			</array>
			<key>isa</key>
			<string>PBXSourcesBuildPhase</string>
			<key>runOnlyForDeploymentPostprocessing</key>
			<string>0</string>
		</dict>
		<key>00E356EB1AD99517003FC87E</key>
		<dict>
			<key>buildActionMask</key>
			<string>2147483647</string>
			<key>files</key>
			<array>
				<string>140ED2AC1D01E1AD002B40FF</string>
				<string>7E546B389165EE39C2223E49</string>
			</array>
			<key>isa</key>
			<string>PBXFrameworksBuildPhase</string>
			<key>runOnlyForDeploymentPostprocessing</key>
			<string>0</string>
		</dict>
		<key>00E356EC1AD99517003FC87E</key>
		<dict>
			<key>buildActionMask</key>
			<string>2147483647</string>
			<key>files</key>
			<array/>
			<key>isa</key>
			<string>PBXResourcesBuildPhase</string>
			<key>runOnlyForDeploymentPostprocessing</key>
			<string>0</string>
		</dict>
		<key>00E356ED1AD99517003FC87E</key>
		<dict>
			<key>buildConfigurationList</key>
			<string>00E357021AD99517003FC87E</string>
			<key>buildPhases</key>
			<array>
				<string>DE6748884753E330CC461477</string>
				<string>00E356EA1AD99517003FC87E</string>
				<string>00E356EB1AD99517003FC87E</string>
				<string>00E356EC1AD99517003FC87E</string>
				<string>5F94AB61E4A9650104489FF4</string>
				<string>DBC93FF00A3F2E3C5DB1F08C</string>
			</array>
			<key>buildRules</key>
			<array/>
			<key>dependencies</key>
			<array>
				<string>00E356F51AD99517003FC87E</string>
			</array>
			<key>isa</key>
			<string>PBXNativeTarget</string>
			<key>name</key>
			<string>HoopsTests</string>
			<key>productName</key>
			<string>HoopsTests</string>
			<key>productReference</key>
			<string>00E356EE1AD99517003FC87E</string>
			<key>productType</key>
			<string>com.apple.product-type.bundle.unit-test</string>
		</dict>
		<key>00E356EE1AD99517003FC87E</key>
		<dict>
			<key>explicitFileType</key>
			<string>wrapper.cfbundle</string>
			<key>includeInIndex</key>
			<string>0</string>
			<key>isa</key>
			<string>PBXFileReference</string>
			<key>path</key>
			<string>HoopsTests.xctest</string>
			<key>sourceTree</key>
			<string>BUILT_PRODUCTS_DIR</string>
		</dict>
		<key>00E356EF1AD99517003FC87E</key>
		<dict>
			<key>children</key>
			<array>
				<string>00E356F21AD99517003FC87E</string>
				<string>00E356F01AD99517003FC87E</string>
			</array>
			<key>isa</key>
			<string>PBXGroup</string>
			<key>path</key>
			<string>HoopsTests</string>
			<key>sourceTree</key>
			<string>&lt;group&gt;</string>
		</dict>
		<key>00E356F01AD99517003FC87E</key>
		<dict>
			<key>children</key>
			<array>
				<string>00E356F11AD99517003FC87E</string>
			</array>
			<key>isa</key>
			<string>PBXGroup</string>
			<key>name</key>
			<string>Supporting Files</string>
			<key>sourceTree</key>
			<string>&lt;group&gt;</string>
		</dict>
		<key>00E356F11AD99517003FC87E</key>
		<dict>
			<key>isa</key>
			<string>PBXFileReference</string>
			<key>lastKnownFileType</key>
			<string>text.plist.xml</string>
			<key>path</key>
			<string>Info.plist</string>
			<key>sourceTree</key>
			<string>&lt;group&gt;</string>
		</dict>
		<key>00E356F21AD99517003FC87E</key>
		<dict>
			<key>isa</key>
			<string>PBXFileReference</string>
			<key>lastKnownFileType</key>
			<string>sourcecode.c.objc</string>
			<key>path</key>
			<string>HoopsTests.m</string>
			<key>sourceTree</key>
			<string>&lt;group&gt;</string>
		</dict>
		<key>00E356F31AD99517003FC87E</key>
		<dict>
			<key>fileRef</key>
			<string>00E356F21AD99517003FC87E</string>
			<key>isa</key>
			<string>PBXBuildFile</string>
		</dict>
		<key>00E356F41AD99517003FC87E</key>
		<dict>
			<key>containerPortal</key>
			<string>83CBB9F71A601CBA00E9B192</string>
			<key>isa</key>
			<string>PBXContainerItemProxy</string>
			<key>proxyType</key>
			<string>1</string>
			<key>remoteGlobalIDString</key>
			<string>13B07F861A680F5B00A75B9A</string>
			<key>remoteInfo</key>
			<string>Hoops</string>
		</dict>
		<key>00E356F51AD99517003FC87E</key>
		<dict>
			<key>isa</key>
			<string>PBXTargetDependency</string>
			<key>target</key>
			<string>13B07F861A680F5B00A75B9A</string>
			<key>targetProxy</key>
			<string>00E356F41AD99517003FC87E</string>
		</dict>
		<key>00E356F61AD99517003FC87E</key>
		<dict>
			<key>baseConfigurationReference</key>
			<string>18950785B3BF51BC38BBC87C</string>
			<key>buildSettings</key>
			<dict>
				<key>DEVELOPMENT_TEAM</key>
				<string>LL5NHVZ73V</string>
				<key>GCC_PREPROCESSOR_DEFINITIONS</key>
				<array>
					<string>DEBUG=1</string>
					<string>$(inherited)</string>
				</array>
				<key>INFOPLIST_FILE</key>
				<string>HoopsTests/Info.plist</string>
				<key>IPHONEOS_DEPLOYMENT_TARGET</key>
				<string>8.2</string>
				<key>LD_RUNPATH_SEARCH_PATHS</key>
				<string>$(inherited) @executable_path/Frameworks @loader_path/Frameworks</string>
				<key>LIBRARY_SEARCH_PATHS</key>
				<array>
					<string>$(inherited)</string>
					<string>"$(SRCROOT)/$(TARGET_NAME)"</string>
					<string>"$(SRCROOT)/$(TARGET_NAME)"</string>
					<string>"$(SRCROOT)/$(TARGET_NAME)"</string>
				</array>
				<key>PRODUCT_BUNDLE_IDENTIFIER</key>
				<string>org.reactjs.native.example.$(PRODUCT_NAME:rfc1034identifier)</string>
				<key>PRODUCT_NAME</key>
				<string>$(TARGET_NAME)</string>
			</dict>
			<key>isa</key>
			<string>XCBuildConfiguration</string>
			<key>name</key>
			<string>Debug</string>
		</dict>
		<key>00E356F71AD99517003FC87E</key>
		<dict>
			<key>baseConfigurationReference</key>
			<string>C2298F14567D0D8463DAF8ED</string>
			<key>buildSettings</key>
			<dict>
				<key>COPY_PHASE_STRIP</key>
				<string>NO</string>
				<key>DEVELOPMENT_TEAM</key>
				<string>LL5NHVZ73V</string>
				<key>INFOPLIST_FILE</key>
				<string>HoopsTests/Info.plist</string>
				<key>IPHONEOS_DEPLOYMENT_TARGET</key>
				<string>8.2</string>
				<key>LD_RUNPATH_SEARCH_PATHS</key>
				<string>$(inherited) @executable_path/Frameworks @loader_path/Frameworks</string>
				<key>LIBRARY_SEARCH_PATHS</key>
				<array>
					<string>$(inherited)</string>
					<string>"$(SRCROOT)/$(TARGET_NAME)"</string>
					<string>"$(SRCROOT)/$(TARGET_NAME)"</string>
					<string>"$(SRCROOT)/$(TARGET_NAME)"</string>
				</array>
				<key>PRODUCT_BUNDLE_IDENTIFIER</key>
				<string>org.reactjs.native.example.$(PRODUCT_NAME:rfc1034identifier)</string>
				<key>PRODUCT_NAME</key>
				<string>$(TARGET_NAME)</string>
			</dict>
			<key>isa</key>
			<string>XCBuildConfiguration</string>
			<key>name</key>
			<string>Release</string>
		</dict>
		<key>00E357021AD99517003FC87E</key>
		<dict>
			<key>buildConfigurations</key>
			<array>
				<string>00E356F61AD99517003FC87E</string>
				<string>00E356F71AD99517003FC87E</string>
			</array>
			<key>defaultConfigurationIsVisible</key>
			<string>0</string>
			<key>defaultConfigurationName</key>
			<string>Release</string>
			<key>isa</key>
			<string>XCConfigurationList</string>
		</dict>
		<key>033E7AE95FAF4D259A761CE2</key>
		<dict>
			<key>explicitFileType</key>
			<string>undefined</string>
			<key>fileEncoding</key>
			<string>9</string>
			<key>includeInIndex</key>
			<string>0</string>
			<key>isa</key>
			<string>PBXFileReference</string>
			<key>lastKnownFileType</key>
			<string>unknown</string>
			<key>name</key>
			<string>SourceSansPro-Semibold.ttf</string>
			<key>path</key>
			<string>../src/ui/styles/resources/fonts/SourceSansPro-Semibold.ttf</string>
			<key>sourceTree</key>
			<string>&lt;group&gt;</string>
		</dict>
		<key>095FECAA74E0A384CFA54C1B</key>
		<dict>
			<key>includeInIndex</key>
			<string>1</string>
			<key>isa</key>
			<string>PBXFileReference</string>
			<key>lastKnownFileType</key>
			<string>text.xcconfig</string>
			<key>name</key>
			<string>Pods-Hoops.debug.xcconfig</string>
			<key>path</key>
			<string>Pods/Target Support Files/Pods-Hoops/Pods-Hoops.debug.xcconfig</string>
			<key>sourceTree</key>
			<string>&lt;group&gt;</string>
		</dict>
		<key>0B34984399DE4E409320B5C2</key>
		<dict>
			<key>fileRef</key>
			<string>77CBB4E4847D4791900A4C33</string>
			<key>isa</key>
			<string>PBXBuildFile</string>
		</dict>
		<key>133E29F31AD74F7200F7D852</key>
		<dict>
			<key>fileRef</key>
			<string>78C398B91ACF4ADC00677621</string>
			<key>isa</key>
			<string>PBXBuildFile</string>
		</dict>
		<key>139105B61AF99BAD00B5F7CC</key>
		<dict>
			<key>isa</key>
			<string>PBXFileReference</string>
			<key>lastKnownFileType</key>
			<string>wrapper.pb-project</string>
			<key>name</key>
			<string>RCTSettings.xcodeproj</string>
			<key>path</key>
			<string>../node_modules/react-native/Libraries/Settings/RCTSettings.xcodeproj</string>
			<key>sourceTree</key>
			<string>&lt;group&gt;</string>
		</dict>
		<key>139105B71AF99BAD00B5F7CC</key>
		<dict>
			<key>children</key>
			<array>
				<string>139105C11AF99BAD00B5F7CC</string>
			</array>
			<key>isa</key>
			<string>PBXGroup</string>
			<key>name</key>
			<string>Products</string>
			<key>sourceTree</key>
			<string>&lt;group&gt;</string>
		</dict>
		<key>139105C01AF99BAD00B5F7CC</key>
		<dict>
			<key>containerPortal</key>
			<string>139105B61AF99BAD00B5F7CC</string>
			<key>isa</key>
			<string>PBXContainerItemProxy</string>
			<key>proxyType</key>
			<string>2</string>
			<key>remoteGlobalIDString</key>
			<string>134814201AA4EA6300B7C361</string>
			<key>remoteInfo</key>
			<string>RCTSettings</string>
		</dict>
		<key>139105C11AF99BAD00B5F7CC</key>
		<dict>
			<key>fileType</key>
			<string>archive.ar</string>
			<key>isa</key>
			<string>PBXReferenceProxy</string>
			<key>path</key>
			<string>libRCTSettings.a</string>
			<key>remoteRef</key>
			<string>139105C01AF99BAD00B5F7CC</string>
			<key>sourceTree</key>
			<string>BUILT_PRODUCTS_DIR</string>
		</dict>
		<key>139105C61AF99C1200B5F7CC</key>
		<dict>
			<key>fileRef</key>
			<string>139105C11AF99BAD00B5F7CC</string>
			<key>isa</key>
			<string>PBXBuildFile</string>
		</dict>
		<key>139FDEE61B06529A00C62182</key>
		<dict>
			<key>isa</key>
			<string>PBXFileReference</string>
			<key>lastKnownFileType</key>
			<string>wrapper.pb-project</string>
			<key>name</key>
			<string>RCTWebSocket.xcodeproj</string>
			<key>path</key>
			<string>../node_modules/react-native/Libraries/WebSocket/RCTWebSocket.xcodeproj</string>
			<key>sourceTree</key>
			<string>&lt;group&gt;</string>
		</dict>
		<key>139FDEE71B06529A00C62182</key>
		<dict>
			<key>children</key>
			<array>
				<string>139FDEF41B06529B00C62182</string>
			</array>
			<key>isa</key>
			<string>PBXGroup</string>
			<key>name</key>
			<string>Products</string>
			<key>sourceTree</key>
			<string>&lt;group&gt;</string>
		</dict>
		<key>139FDEF31B06529B00C62182</key>
		<dict>
			<key>containerPortal</key>
			<string>139FDEE61B06529A00C62182</string>
			<key>isa</key>
			<string>PBXContainerItemProxy</string>
			<key>proxyType</key>
			<string>2</string>
			<key>remoteGlobalIDString</key>
			<string>3C86DF461ADF2C930047B81A</string>
			<key>remoteInfo</key>
			<string>RCTWebSocket</string>
		</dict>
		<key>139FDEF41B06529B00C62182</key>
		<dict>
			<key>fileType</key>
			<string>archive.ar</string>
			<key>isa</key>
			<string>PBXReferenceProxy</string>
			<key>path</key>
			<string>libRCTWebSocket.a</string>
			<key>remoteRef</key>
			<string>139FDEF31B06529B00C62182</string>
			<key>sourceTree</key>
			<string>BUILT_PRODUCTS_DIR</string>
		</dict>
		<key>139FDEF61B0652A700C62182</key>
		<dict>
			<key>fileRef</key>
			<string>139FDEF41B06529B00C62182</string>
			<key>isa</key>
			<string>PBXBuildFile</string>
		</dict>
		<key>13B07F861A680F5B00A75B9A</key>
		<dict>
			<key>buildConfigurationList</key>
			<string>13B07F931A680F5B00A75B9A</string>
			<key>buildPhases</key>
			<array>
				<string>17A3C5DE0DBA6B0409259006</string>
				<string>13B07F871A680F5B00A75B9A</string>
				<string>13B07F8C1A680F5B00A75B9A</string>
				<string>13B07F8E1A680F5B00A75B9A</string>
				<string>00DD1BFF1BD5951E006B06BC</string>
				<string>D505E7147B2755CE9ED4C879</string>
				<string>55F50981BAE6953C4CBA323B</string>
			</array>
			<key>buildRules</key>
			<array/>
			<key>dependencies</key>
			<array/>
			<key>isa</key>
			<string>PBXNativeTarget</string>
			<key>name</key>
			<string>Hoops</string>
			<key>productName</key>
			<string>Hello World</string>
			<key>productReference</key>
			<string>13B07F961A680F5B00A75B9A</string>
			<key>productType</key>
			<string>com.apple.product-type.application</string>
		</dict>
		<key>13B07F871A680F5B00A75B9A</key>
		<dict>
			<key>buildActionMask</key>
			<string>2147483647</string>
			<key>files</key>
			<array>
				<string>27A15B491DB638C5008C2A16</string>
				<string>13B07FBC1A68108700A75B9A</string>
				<string>13B07FC11A68108700A75B9A</string>
			</array>
			<key>isa</key>
			<string>PBXSourcesBuildPhase</string>
			<key>runOnlyForDeploymentPostprocessing</key>
			<string>0</string>
		</dict>
		<key>13B07F8C1A680F5B00A75B9A</key>
		<dict>
			<key>buildActionMask</key>
			<string>2147483647</string>
			<key>files</key>
			<array>
				<string>2783E30F1DBE45EA00A672F0</string>
				<string>27A15B471DB630E2008C2A16</string>
				<string>146834051AC3E58100842450</string>
				<string>00C302E51ABCBA2D00DB3ED1</string>
				<string>27A98DC71D8177B300AD839C</string>
				<string>00C302E71ABCBA2D00DB3ED1</string>
				<string>00C302E81ABCBA2D00DB3ED1</string>
				<string>27A98DC51D8177A700AD839C</string>
				<string>133E29F31AD74F7200F7D852</string>
				<string>00C302E91ABCBA2D00DB3ED1</string>
				<string>139105C61AF99C1200B5F7CC</string>
				<string>832341BD1AAA6AB300B99B32</string>
				<string>27A98DB71D81779C00AD839C</string>
				<string>00C302EA1ABCBA2D00DB3ED1</string>
				<string>139FDEF61B0652A700C62182</string>
				<string>3D78388CA20B4D9EBC1E100A</string>
				<string>27A98DC91D8178CF00AD839C</string>
				<string>0B34984399DE4E409320B5C2</string>
				<string>A6A8226E31B248E19A4EFFA9</string>
				<string>C6EDD0399F6244A98794587E</string>
				<string>7925FE4CB3E555A337891DD0</string>
			</array>
			<key>isa</key>
			<string>PBXFrameworksBuildPhase</string>
			<key>runOnlyForDeploymentPostprocessing</key>
			<string>0</string>
		</dict>
		<key>13B07F8E1A680F5B00A75B9A</key>
		<dict>
			<key>buildActionMask</key>
			<string>2147483647</string>
			<key>files</key>
			<array>
				<string>13B07FBF1A68108700A75B9A</string>
				<string>13B07FBD1A68108700A75B9A</string>
				<string>5C40A4044FCA44519C8AE820</string>
				<string>E7FF0860C1CF4F458FE99B4F</string>
				<string>27A4F9FE1D7F1B5700D017DA</string>
				<string>F5530B4363D74FD289FEE1A6</string>
			</array>
			<key>isa</key>
			<string>PBXResourcesBuildPhase</string>
			<key>runOnlyForDeploymentPostprocessing</key>
			<string>0</string>
		</dict>
		<key>13B07F931A680F5B00A75B9A</key>
		<dict>
			<key>buildConfigurations</key>
			<array>
				<string>13B07F941A680F5B00A75B9A</string>
				<string>13B07F951A680F5B00A75B9A</string>
			</array>
			<key>defaultConfigurationIsVisible</key>
			<string>0</string>
			<key>defaultConfigurationName</key>
			<string>Release</string>
			<key>isa</key>
			<string>XCConfigurationList</string>
		</dict>
		<key>13B07F941A680F5B00A75B9A</key>
		<dict>
			<key>baseConfigurationReference</key>
			<string>095FECAA74E0A384CFA54C1B</string>
			<key>buildSettings</key>
			<dict>
				<key>ASSETCATALOG_COMPILER_APPICON_NAME</key>
				<string>AppIcon</string>
				<key>CODE_SIGN_ENTITLEMENTS</key>
				<string>Hoops/Hoops.entitlements</string>
				<key>DEAD_CODE_STRIPPING</key>
				<string>NO</string>
				<key>DEVELOPMENT_TEAM</key>
				<string>56X44JC869</string>
				<key>FRAMEWORK_SEARCH_PATHS</key>
				<array>
					<string>$(inherited)</string>
					<string>$(PROJECT_DIR)</string>
				</array>
				<key>HEADER_SEARCH_PATHS</key>
				<array>
					<string>$(inherited)</string>
					<string>/Applications/Xcode.app/Contents/Developer/Toolchains/XcodeDefault.xctoolchain/usr/include</string>
					<string>$(SRCROOT)/../node_modules/react-native/React/**</string>
					<string>$(SRCROOT)/../node_modules/react-native-i18n/RNI18n</string>
					<string>$(SRCROOT)/../node_modules/react-native-fbsdk/ios/RCTFBSDK/**</string>
					<string>$(SRCROOT)/../node_modules/react-native-fetch-blob/ios/**</string>
					<string>$(SRCROOT)/../node_modules/react-native-fcm/ios</string>
				</array>
				<key>INFOPLIST_FILE</key>
				<string>Hoops/Info.plist</string>
				<key>IPHONEOS_DEPLOYMENT_TARGET</key>
				<string>10.0</string>
				<key>LD_RUNPATH_SEARCH_PATHS</key>
				<string>$(inherited) @executable_path/Frameworks</string>
				<key>OTHER_LDFLAGS</key>
				<array>
					<string>$(inherited)</string>
					<string>-ObjC</string>
					<string>-lc++</string>
				</array>
				<key>PRODUCT_BUNDLE_IDENTIFIER</key>
				<string>co.hoopsapp.app.ios</string>
				<key>PRODUCT_NAME</key>
				<string>Hoops</string>
			</dict>
			<key>isa</key>
			<string>XCBuildConfiguration</string>
			<key>name</key>
			<string>Debug</string>
		</dict>
		<key>13B07F951A680F5B00A75B9A</key>
		<dict>
			<key>baseConfigurationReference</key>
			<string>44592B4F3EACE20E3D0EB671</string>
			<key>buildSettings</key>
			<dict>
				<key>ASSETCATALOG_COMPILER_APPICON_NAME</key>
				<string>AppIcon</string>
				<key>CODE_SIGN_ENTITLEMENTS</key>
				<string>Hoops/Hoops.entitlements</string>
				<key>DEVELOPMENT_TEAM</key>
				<string>56X44JC869</string>
				<key>FRAMEWORK_SEARCH_PATHS</key>
				<array>
					<string>$(inherited)</string>
					<string>$(PROJECT_DIR)</string>
				</array>
				<key>HEADER_SEARCH_PATHS</key>
				<array>
					<string>$(inherited)</string>
					<string>/Applications/Xcode.app/Contents/Developer/Toolchains/XcodeDefault.xctoolchain/usr/include</string>
					<string>$(SRCROOT)/../node_modules/react-native/React/**</string>
					<string>$(SRCROOT)/../node_modules/react-native-i18n/RNI18n</string>
					<string>$(SRCROOT)/../node_modules/react-native-fbsdk/ios/RCTFBSDK/**</string>
					<string>$(SRCROOT)/../node_modules/react-native-fetch-blob/ios/**</string>
					<string>$(SRCROOT)/../node_modules/react-native-fcm/ios</string>
				</array>
				<key>INFOPLIST_FILE</key>
				<string>Hoops/Info.plist</string>
				<key>IPHONEOS_DEPLOYMENT_TARGET</key>
				<string>10.0</string>
				<key>LD_RUNPATH_SEARCH_PATHS</key>
				<string>$(inherited) @executable_path/Frameworks</string>
				<key>OTHER_LDFLAGS</key>
				<array>
					<string>$(inherited)</string>
					<string>-ObjC</string>
					<string>-lc++</string>
				</array>
				<key>PRODUCT_BUNDLE_IDENTIFIER</key>
				<string>co.hoopsapp.app.ios</string>
				<key>PRODUCT_NAME</key>
				<string>Hoops</string>
			</dict>
			<key>isa</key>
			<string>XCBuildConfiguration</string>
			<key>name</key>
			<string>Release</string>
		</dict>
		<key>13B07F961A680F5B00A75B9A</key>
		<dict>
			<key>explicitFileType</key>
			<string>wrapper.application</string>
			<key>includeInIndex</key>
			<string>0</string>
			<key>isa</key>
			<string>PBXFileReference</string>
			<key>path</key>
			<string>Hoops.app</string>
			<key>sourceTree</key>
			<string>BUILT_PRODUCTS_DIR</string>
		</dict>
		<key>13B07FAE1A68108700A75B9A</key>
		<dict>
			<key>children</key>
			<array>
				<string>273D72341DA3C312002D389E</string>
				<string>008F07F21AC5B25A0029DE68</string>
				<string>13B07FAF1A68108700A75B9A</string>
				<string>13B07FB01A68108700A75B9A</string>
				<string>13B07FB51A68108700A75B9A</string>
				<string>13B07FB61A68108700A75B9A</string>
				<string>13B07FB11A68108700A75B9A</string>
				<string>13B07FB71A68108700A75B9A</string>
				<string>27A4F9FD1D7F1B5700D017DA</string>
				<string>27A15B481DB638C5008C2A16</string>
			</array>
			<key>isa</key>
			<string>PBXGroup</string>
			<key>name</key>
			<string>Hoops</string>
			<key>sourceTree</key>
			<string>&lt;group&gt;</string>
		</dict>
		<key>13B07FAF1A68108700A75B9A</key>
		<dict>
			<key>fileEncoding</key>
			<string>4</string>
			<key>isa</key>
			<string>PBXFileReference</string>
			<key>lastKnownFileType</key>
			<string>sourcecode.c.h</string>
			<key>name</key>
			<string>AppDelegate.h</string>
			<key>path</key>
			<string>Hoops/AppDelegate.h</string>
			<key>sourceTree</key>
			<string>&lt;group&gt;</string>
		</dict>
		<key>13B07FB01A68108700A75B9A</key>
		<dict>
			<key>fileEncoding</key>
			<string>4</string>
			<key>isa</key>
			<string>PBXFileReference</string>
			<key>lastKnownFileType</key>
			<string>sourcecode.c.objc</string>
			<key>name</key>
			<string>AppDelegate.m</string>
			<key>path</key>
			<string>Hoops/AppDelegate.m</string>
			<key>sourceTree</key>
			<string>&lt;group&gt;</string>
		</dict>
		<key>13B07FB11A68108700A75B9A</key>
		<dict>
			<key>children</key>
			<array>
				<string>13B07FB21A68108700A75B9A</string>
			</array>
			<key>isa</key>
			<string>PBXVariantGroup</string>
			<key>name</key>
			<string>LaunchScreen.xib</string>
			<key>path</key>
			<string>Hoops</string>
			<key>sourceTree</key>
			<string>&lt;group&gt;</string>
		</dict>
		<key>13B07FB21A68108700A75B9A</key>
		<dict>
			<key>isa</key>
			<string>PBXFileReference</string>
			<key>lastKnownFileType</key>
			<string>file.xib</string>
			<key>name</key>
			<string>Base</string>
			<key>path</key>
			<string>Base.lproj/LaunchScreen.xib</string>
			<key>sourceTree</key>
			<string>&lt;group&gt;</string>
		</dict>
		<key>13B07FB51A68108700A75B9A</key>
		<dict>
			<key>isa</key>
			<string>PBXFileReference</string>
			<key>lastKnownFileType</key>
			<string>folder.assetcatalog</string>
			<key>name</key>
			<string>Images.xcassets</string>
			<key>path</key>
			<string>Hoops/Images.xcassets</string>
			<key>sourceTree</key>
			<string>&lt;group&gt;</string>
		</dict>
		<key>13B07FB61A68108700A75B9A</key>
		<dict>
			<key>fileEncoding</key>
			<string>4</string>
			<key>isa</key>
			<string>PBXFileReference</string>
			<key>lastKnownFileType</key>
			<string>text.plist.xml</string>
			<key>name</key>
			<string>Info.plist</string>
			<key>path</key>
			<string>Hoops/Info.plist</string>
			<key>sourceTree</key>
			<string>&lt;group&gt;</string>
		</dict>
		<key>13B07FB71A68108700A75B9A</key>
		<dict>
			<key>fileEncoding</key>
			<string>4</string>
			<key>isa</key>
			<string>PBXFileReference</string>
			<key>lastKnownFileType</key>
			<string>sourcecode.c.objc</string>
			<key>name</key>
			<string>main.m</string>
			<key>path</key>
			<string>Hoops/main.m</string>
			<key>sourceTree</key>
			<string>&lt;group&gt;</string>
		</dict>
		<key>13B07FBC1A68108700A75B9A</key>
		<dict>
			<key>fileRef</key>
			<string>13B07FB01A68108700A75B9A</string>
			<key>isa</key>
			<string>PBXBuildFile</string>
		</dict>
		<key>13B07FBD1A68108700A75B9A</key>
		<dict>
			<key>fileRef</key>
			<string>13B07FB11A68108700A75B9A</string>
			<key>isa</key>
			<string>PBXBuildFile</string>
		</dict>
		<key>13B07FBF1A68108700A75B9A</key>
		<dict>
			<key>fileRef</key>
			<string>13B07FB51A68108700A75B9A</string>
			<key>isa</key>
			<string>PBXBuildFile</string>
		</dict>
		<key>13B07FC11A68108700A75B9A</key>
		<dict>
			<key>fileRef</key>
			<string>13B07FB71A68108700A75B9A</string>
			<key>isa</key>
			<string>PBXBuildFile</string>
		</dict>
		<key>140ED2AC1D01E1AD002B40FF</key>
		<dict>
			<key>fileRef</key>
			<string>146834041AC3E56700842450</string>
			<key>isa</key>
			<string>PBXBuildFile</string>
		</dict>
		<key>146833FF1AC3E56700842450</key>
		<dict>
			<key>isa</key>
			<string>PBXFileReference</string>
			<key>lastKnownFileType</key>
			<string>wrapper.pb-project</string>
			<key>name</key>
			<string>React.xcodeproj</string>
			<key>path</key>
			<string>../node_modules/react-native/React/React.xcodeproj</string>
			<key>sourceTree</key>
			<string>&lt;group&gt;</string>
		</dict>
		<key>146834001AC3E56700842450</key>
		<dict>
			<key>children</key>
			<array>
				<string>146834041AC3E56700842450</string>
			</array>
			<key>isa</key>
			<string>PBXGroup</string>
			<key>name</key>
			<string>Products</string>
			<key>sourceTree</key>
			<string>&lt;group&gt;</string>
		</dict>
		<key>146834031AC3E56700842450</key>
		<dict>
			<key>containerPortal</key>
			<string>146833FF1AC3E56700842450</string>
			<key>isa</key>
			<string>PBXContainerItemProxy</string>
			<key>proxyType</key>
			<string>2</string>
			<key>remoteGlobalIDString</key>
			<string>83CBBA2E1A601D0E00E9B192</string>
			<key>remoteInfo</key>
			<string>React</string>
		</dict>
		<key>146834041AC3E56700842450</key>
		<dict>
			<key>fileType</key>
			<string>archive.ar</string>
			<key>isa</key>
			<string>PBXReferenceProxy</string>
			<key>path</key>
			<string>libReact.a</string>
			<key>remoteRef</key>
			<string>146834031AC3E56700842450</string>
			<key>sourceTree</key>
			<string>BUILT_PRODUCTS_DIR</string>
		</dict>
		<key>146834051AC3E58100842450</key>
		<dict>
			<key>fileRef</key>
			<string>146834041AC3E56700842450</string>
			<key>isa</key>
			<string>PBXBuildFile</string>
		</dict>
		<key>17A3C5DE0DBA6B0409259006</key>
		<dict>
			<key>buildActionMask</key>
			<string>2147483647</string>
			<key>files</key>
			<array/>
			<key>inputPaths</key>
			<array/>
			<key>isa</key>
			<string>PBXShellScriptBuildPhase</string>
			<key>name</key>
			<string>&#128230; Check Pods Manifest.lock</string>
			<key>outputPaths</key>
			<array/>
			<key>runOnlyForDeploymentPostprocessing</key>
			<string>0</string>
			<key>shellPath</key>
			<string>/bin/sh</string>
			<key>shellScript</key>
			<string>diff "${PODS_ROOT}/../Podfile.lock" "${PODS_ROOT}/Manifest.lock" &gt; /dev/null
if [[ $? != 0 ]] ; then
    cat &lt;&lt; EOM
error: The sandbox is not in sync with the Podfile.lock. Run 'pod install' or update your CocoaPods installation.
EOM
    exit 1
fi
</string>
			<key>showEnvVarsInLog</key>
			<string>0</string>
		</dict>
		<key>18950785B3BF51BC38BBC87C</key>
		<dict>
			<key>includeInIndex</key>
			<string>1</string>
			<key>isa</key>
			<string>PBXFileReference</string>
			<key>lastKnownFileType</key>
			<string>text.xcconfig</string>
			<key>name</key>
			<string>Pods-HoopsTests.debug.xcconfig</string>
			<key>path</key>
			<string>Pods/Target Support Files/Pods-HoopsTests/Pods-HoopsTests.debug.xcconfig</string>
			<key>sourceTree</key>
			<string>&lt;group&gt;</string>
		</dict>
		<key>1E4494564083491AA550DDBE</key>
		<dict>
			<key>explicitFileType</key>
			<string>undefined</string>
			<key>fileEncoding</key>
			<string>9</string>
			<key>includeInIndex</key>
			<string>0</string>
			<key>isa</key>
			<string>PBXFileReference</string>
			<key>lastKnownFileType</key>
			<string>unknown</string>
			<key>name</key>
			<string>SourceSansPro-Regular.ttf</string>
			<key>path</key>
			<string>../src/ui/styles/resources/fonts/SourceSansPro-Regular.ttf</string>
			<key>sourceTree</key>
			<string>&lt;group&gt;</string>
		</dict>
		<key>220C68D57A8847C8A66DDD27</key>
		<dict>
			<key>children</key>
			<array>
				<string>C1E3578B3B2243B3872707AB</string>
				<string>1E4494564083491AA550DDBE</string>
				<string>033E7AE95FAF4D259A761CE2</string>
			</array>
			<key>isa</key>
			<string>PBXGroup</string>
			<key>name</key>
			<string>Resources</string>
			<key>sourceTree</key>
			<string>&lt;group&gt;</string>
		</dict>
		<key>22A666701D51C12F0051D233</key>
		<dict>
			<key>children</key>
			<array>
				<string>22A6667F1D51C12F0051D233</string>
				<string>22A666811D51C12F0051D233</string>
			</array>
			<key>isa</key>
			<string>PBXGroup</string>
			<key>name</key>
			<string>Products</string>
			<key>sourceTree</key>
			<string>&lt;group&gt;</string>
		</dict>
		<key>22A6667E1D51C12F0051D233</key>
		<dict>
			<key>containerPortal</key>
			<string>82F8030371FE4D5A9F2B642A</string>
			<key>isa</key>
			<string>PBXContainerItemProxy</string>
			<key>proxyType</key>
			<string>2</string>
			<key>remoteGlobalIDString</key>
			<string>CDD7BF781B2D5125006FDA75</string>
			<key>remoteInfo</key>
			<string>RNI18n</string>
		</dict>
		<key>22A6667F1D51C12F0051D233</key>
		<dict>
			<key>fileType</key>
			<string>archive.ar</string>
			<key>isa</key>
			<string>PBXReferenceProxy</string>
			<key>path</key>
			<string>libRNI18n.a</string>
			<key>remoteRef</key>
			<string>22A6667E1D51C12F0051D233</string>
			<key>sourceTree</key>
			<string>BUILT_PRODUCTS_DIR</string>
		</dict>
		<key>22A666801D51C12F0051D233</key>
		<dict>
			<key>containerPortal</key>
			<string>82F8030371FE4D5A9F2B642A</string>
			<key>isa</key>
			<string>PBXContainerItemProxy</string>
			<key>proxyType</key>
			<string>2</string>
			<key>remoteGlobalIDString</key>
			<string>CDD7BF831B2D5126006FDA75</string>
			<key>remoteInfo</key>
			<string>RNI18nTests</string>
		</dict>
		<key>22A666811D51C12F0051D233</key>
		<dict>
			<key>fileType</key>
			<string>wrapper.cfbundle</string>
			<key>isa</key>
			<string>PBXReferenceProxy</string>
			<key>path</key>
			<string>RNI18nTests.xctest</string>
			<key>remoteRef</key>
			<string>22A666801D51C12F0051D233</string>
			<key>sourceTree</key>
			<string>BUILT_PRODUCTS_DIR</string>
		</dict>
		<key>273D72341DA3C312002D389E</key>
		<dict>
			<key>isa</key>
			<string>PBXFileReference</string>
			<key>lastKnownFileType</key>
			<string>text.plist.entitlements</string>
			<key>name</key>
			<string>Hoops.entitlements</string>
			<key>path</key>
			<string>Hoops/Hoops.entitlements</string>
			<key>sourceTree</key>
			<string>&lt;group&gt;</string>
		</dict>
		<key>2783E30E1DBE45EA00A672F0</key>
		<dict>
			<key>isa</key>
			<string>PBXFileReference</string>
			<key>lastKnownFileType</key>
			<string>wrapper.framework</string>
			<key>name</key>
			<string>UserNotifications.framework</string>
			<key>path</key>
			<string>System/Library/Frameworks/UserNotifications.framework</string>
			<key>sourceTree</key>
			<string>SDKROOT</string>
		</dict>
		<key>2783E30F1DBE45EA00A672F0</key>
		<dict>
			<key>fileRef</key>
			<string>2783E30E1DBE45EA00A672F0</string>
			<key>isa</key>
			<string>PBXBuildFile</string>
		</dict>
		<key>2783E31E1DBE5D9200A672F0</key>
		<dict>
			<key>children</key>
			<array>
				<string>2783E32F1DBE5D9200A672F0</string>
			</array>
			<key>isa</key>
			<string>PBXGroup</string>
			<key>name</key>
			<string>Products</string>
			<key>sourceTree</key>
			<string>&lt;group&gt;</string>
		</dict>
		<key>2783E32E1DBE5D9200A672F0</key>
		<dict>
			<key>containerPortal</key>
			<string>DA3DB39272894699A885FA29</string>
			<key>isa</key>
			<string>PBXContainerItemProxy</string>
			<key>proxyType</key>
			<string>2</string>
			<key>remoteGlobalIDString</key>
			<string>134814201AA4EA6300B7C361</string>
			<key>remoteInfo</key>
			<string>RNFIRMessaging</string>
		</dict>
		<key>2783E32F1DBE5D9200A672F0</key>
		<dict>
			<key>fileType</key>
			<string>archive.ar</string>
			<key>isa</key>
			<string>PBXReferenceProxy</string>
			<key>path</key>
			<string>libRNFIRMessaging.a</string>
			<key>remoteRef</key>
			<string>2783E32E1DBE5D9200A672F0</string>
			<key>sourceTree</key>
			<string>BUILT_PRODUCTS_DIR</string>
		</dict>
		<key>27A15B341DB63070008C2A16</key>
		<dict>
			<key>isa</key>
			<string>PBXFileReference</string>
			<key>lastKnownFileType</key>
			<string>wrapper.pb-project</string>
			<key>name</key>
			<string>RCTCameraRoll.xcodeproj</string>
			<key>path</key>
			<string>../node_modules/react-native/Libraries/CameraRoll/RCTCameraRoll.xcodeproj</string>
			<key>sourceTree</key>
			<string>&lt;group&gt;</string>
		</dict>
		<key>27A15B351DB63070008C2A16</key>
		<dict>
			<key>children</key>
			<array>
				<string>27A15B3A1DB63070008C2A16</string>
			</array>
			<key>isa</key>
			<string>PBXGroup</string>
			<key>name</key>
			<string>Products</string>
			<key>sourceTree</key>
			<string>&lt;group&gt;</string>
		</dict>
		<key>27A15B391DB63070008C2A16</key>
		<dict>
			<key>containerPortal</key>
			<string>27A15B341DB63070008C2A16</string>
			<key>isa</key>
			<string>PBXContainerItemProxy</string>
			<key>proxyType</key>
			<string>2</string>
			<key>remoteGlobalIDString</key>
			<string>58B5115D1A9E6B3D00147676</string>
			<key>remoteInfo</key>
			<string>RCTCameraRoll</string>
		</dict>
		<key>27A15B3A1DB63070008C2A16</key>
		<dict>
			<key>fileType</key>
			<string>archive.ar</string>
			<key>isa</key>
			<string>PBXReferenceProxy</string>
			<key>path</key>
			<string>libRCTCameraRoll.a</string>
			<key>remoteRef</key>
			<string>27A15B391DB63070008C2A16</string>
			<key>sourceTree</key>
			<string>BUILT_PRODUCTS_DIR</string>
		</dict>
		<key>27A15B471DB630E2008C2A16</key>
		<dict>
			<key>fileRef</key>
			<string>27A15B3A1DB63070008C2A16</string>
			<key>isa</key>
			<string>PBXBuildFile</string>
		</dict>
		<key>27A15B481DB638C5008C2A16</key>
		<dict>
			<key>fileEncoding</key>
			<string>4</string>
			<key>isa</key>
			<string>PBXFileReference</string>
			<key>lastKnownFileType</key>
			<string>sourcecode.c.objc</string>
			<key>name</key>
			<string>RCTImageRead.m</string>
			<key>path</key>
			<string>Hoops/RCTImageRead.m</string>
			<key>sourceTree</key>
			<string>&lt;group&gt;</string>
		</dict>
		<key>27A15B491DB638C5008C2A16</key>
		<dict>
			<key>fileRef</key>
			<string>27A15B481DB638C5008C2A16</string>
			<key>isa</key>
			<string>PBXBuildFile</string>
		</dict>
		<key>27A15B571DB64542008C2A16</key>
		<dict>
			<key>children</key>
			<array>
				<string>27A15B671DB64542008C2A16</string>
			</array>
			<key>isa</key>
			<string>PBXGroup</string>
			<key>name</key>
			<string>Products</string>
			<key>sourceTree</key>
			<string>&lt;group&gt;</string>
		</dict>
		<key>27A15B661DB64542008C2A16</key>
		<dict>
			<key>containerPortal</key>
			<string>385BBA2870144C5A8528D869</string>
			<key>isa</key>
			<string>PBXContainerItemProxy</string>
			<key>proxyType</key>
			<string>2</string>
			<key>remoteGlobalIDString</key>
			<string>A15C300E1CD25C330074CB35</string>
			<key>remoteInfo</key>
			<string>RNFetchBlob</string>
		</dict>
		<key>27A15B671DB64542008C2A16</key>
		<dict>
			<key>fileType</key>
			<string>archive.ar</string>
			<key>isa</key>
			<string>PBXReferenceProxy</string>
			<key>path</key>
			<string>libRNFetchBlob.a</string>
			<key>remoteRef</key>
			<string>27A15B661DB64542008C2A16</string>
			<key>sourceTree</key>
			<string>BUILT_PRODUCTS_DIR</string>
		</dict>
		<key>27A4F9FD1D7F1B5700D017DA</key>
		<dict>
			<key>fileEncoding</key>
			<string>4</string>
			<key>isa</key>
			<string>PBXFileReference</string>
			<key>lastKnownFileType</key>
			<string>text.plist.xml</string>
			<key>path</key>
			<string>GoogleService-Info.plist</string>
			<key>sourceTree</key>
			<string>&lt;group&gt;</string>
		</dict>
		<key>27A4F9FE1D7F1B5700D017DA</key>
		<dict>
			<key>fileRef</key>
			<string>27A4F9FD1D7F1B5700D017DA</string>
			<key>isa</key>
			<string>PBXBuildFile</string>
		</dict>
		<key>27A98DB61D81779C00AD839C</key>
		<dict>
			<key>isa</key>
			<string>PBXFileReference</string>
			<key>lastKnownFileType</key>
			<string>wrapper.framework</string>
			<key>path</key>
			<string>FBSDKCoreKit.framework</string>
			<key>sourceTree</key>
			<string>&lt;group&gt;</string>
		</dict>
		<key>27A98DB71D81779C00AD839C</key>
		<dict>
			<key>fileRef</key>
			<string>27A98DB61D81779C00AD839C</string>
			<key>isa</key>
			<string>PBXBuildFile</string>
		</dict>
		<key>27A98DC41D8177A700AD839C</key>
		<dict>
			<key>isa</key>
			<string>PBXFileReference</string>
			<key>lastKnownFileType</key>
			<string>wrapper.framework</string>
			<key>path</key>
			<string>FBSDKLoginKit.framework</string>
			<key>sourceTree</key>
			<string>&lt;group&gt;</string>
		</dict>
		<key>27A98DC51D8177A700AD839C</key>
		<dict>
			<key>fileRef</key>
			<string>27A98DC41D8177A700AD839C</string>
			<key>isa</key>
			<string>PBXBuildFile</string>
		</dict>
		<key>27A98DC61D8177B300AD839C</key>
		<dict>
			<key>isa</key>
			<string>PBXFileReference</string>
			<key>lastKnownFileType</key>
			<string>wrapper.framework</string>
			<key>path</key>
			<string>FBSDKShareKit.framework</string>
			<key>sourceTree</key>
			<string>&lt;group&gt;</string>
		</dict>
		<key>27A98DC71D8177B300AD839C</key>
		<dict>
			<key>fileRef</key>
			<string>27A98DC61D8177B300AD839C</string>
			<key>isa</key>
			<string>PBXBuildFile</string>
		</dict>
		<key>27A98DC81D8178CF00AD839C</key>
		<dict>
			<key>isa</key>
			<string>PBXFileReference</string>
			<key>lastKnownFileType</key>
			<string>wrapper.framework</string>
			<key>path</key>
			<string>Bolts.framework</string>
			<key>sourceTree</key>
			<string>&lt;group&gt;</string>
		</dict>
		<key>27A98DC91D8178CF00AD839C</key>
		<dict>
			<key>fileRef</key>
			<string>27A98DC81D8178CF00AD839C</string>
			<key>isa</key>
			<string>PBXBuildFile</string>
		</dict>
		<key>27A98DD51D817B1E00AD839C</key>
		<dict>
			<key>children</key>
			<array>
				<string>27A98DDA1D817B1E00AD839C</string>
			</array>
			<key>isa</key>
			<string>PBXGroup</string>
			<key>name</key>
			<string>Products</string>
			<key>sourceTree</key>
			<string>&lt;group&gt;</string>
		</dict>
		<key>27A98DD91D817B1E00AD839C</key>
		<dict>
			<key>containerPortal</key>
			<string>D63AA81A6A484AD29657DCC3</string>
			<key>isa</key>
			<string>PBXContainerItemProxy</string>
			<key>proxyType</key>
			<string>2</string>
			<key>remoteGlobalIDString</key>
			<string>9350E0F11CE3B0920041D815</string>
			<key>remoteInfo</key>
			<string>RCTFBSDK</string>
		</dict>
		<key>27A98DDA1D817B1E00AD839C</key>
		<dict>
			<key>fileType</key>
			<string>archive.ar</string>
			<key>isa</key>
			<string>PBXReferenceProxy</string>
			<key>path</key>
			<string>libRCTFBSDK.a</string>
			<key>remoteRef</key>
			<string>27A98DD91D817B1E00AD839C</string>
			<key>sourceTree</key>
			<string>BUILT_PRODUCTS_DIR</string>
		</dict>
		<key>354872BBCA0E4B78AFFCF849</key>
		<dict>
			<key>explicitFileType</key>
			<string>undefined</string>
			<key>fileEncoding</key>
			<string>9</string>
			<key>includeInIndex</key>
			<string>0</string>
			<key>isa</key>
			<string>PBXFileReference</string>
			<key>lastKnownFileType</key>
			<string>archive.ar</string>
			<key>path</key>
			<string>libRNFIRMessaging.a</string>
			<key>sourceTree</key>
			<string>&lt;group&gt;</string>
		</dict>
		<key>385BBA2870144C5A8528D869</key>
		<dict>
			<key>explicitFileType</key>
			<string>undefined</string>
			<key>fileEncoding</key>
			<string>9</string>
			<key>includeInIndex</key>
			<string>0</string>
			<key>isa</key>
			<string>PBXFileReference</string>
			<key>lastKnownFileType</key>
			<string>wrapper.pb-project</string>
			<key>name</key>
			<string>RNFetchBlob.xcodeproj</string>
			<key>path</key>
			<string>../node_modules/react-native-fetch-blob/ios/RNFetchBlob.xcodeproj</string>
			<key>sourceTree</key>
			<string>&lt;group&gt;</string>
		</dict>
		<key>3D78388CA20B4D9EBC1E100A</key>
		<dict>
			<key>fileRef</key>
			<string>F2D4D5B1546C48D49A6F9318</string>
			<key>isa</key>
			<string>PBXBuildFile</string>
		</dict>
		<key>44592B4F3EACE20E3D0EB671</key>
		<dict>
			<key>includeInIndex</key>
			<string>1</string>
			<key>isa</key>
			<string>PBXFileReference</string>
			<key>lastKnownFileType</key>
			<string>text.xcconfig</string>
			<key>name</key>
			<string>Pods-Hoops.release.xcconfig</string>
			<key>path</key>
			<string>Pods/Target Support Files/Pods-Hoops/Pods-Hoops.release.xcconfig</string>
			<key>sourceTree</key>
			<string>&lt;group&gt;</string>
		</dict>
		<key>4AAF19993A3ECFBF6A2DB077</key>
		<dict>
			<key>explicitFileType</key>
			<string>wrapper.framework</string>
			<key>includeInIndex</key>
			<string>0</string>
			<key>isa</key>
			<string>PBXFileReference</string>
			<key>path</key>
			<string>Pods_HoopsTests.framework</string>
			<key>sourceTree</key>
			<string>BUILT_PRODUCTS_DIR</string>
		</dict>
		<key>55F50981BAE6953C4CBA323B</key>
		<dict>
			<key>buildActionMask</key>
			<string>2147483647</string>
			<key>files</key>
			<array/>
			<key>inputPaths</key>
			<array/>
			<key>isa</key>
			<string>PBXShellScriptBuildPhase</string>
			<key>name</key>
			<string>&#128230; Copy Pods Resources</string>
			<key>outputPaths</key>
			<array/>
			<key>runOnlyForDeploymentPostprocessing</key>
			<string>0</string>
			<key>shellPath</key>
			<string>/bin/sh</string>
			<key>shellScript</key>
			<string>"${SRCROOT}/Pods/Target Support Files/Pods-Hoops/Pods-Hoops-resources.sh"
</string>
			<key>showEnvVarsInLog</key>
			<string>0</string>
		</dict>
		<key>5C40A4044FCA44519C8AE820</key>
		<dict>
			<key>fileRef</key>
			<string>C1E3578B3B2243B3872707AB</string>
			<key>isa</key>
			<string>PBXBuildFile</string>
		</dict>
		<key>5F94AB61E4A9650104489FF4</key>
		<dict>
			<key>buildActionMask</key>
			<string>2147483647</string>
			<key>files</key>
			<array/>
			<key>inputPaths</key>
			<array/>
			<key>isa</key>
			<string>PBXShellScriptBuildPhase</string>
			<key>name</key>
			<string>&#128230; Embed Pods Frameworks</string>
			<key>outputPaths</key>
			<array/>
			<key>runOnlyForDeploymentPostprocessing</key>
			<string>0</string>
			<key>shellPath</key>
			<string>/bin/sh</string>
			<key>shellScript</key>
			<string>"${SRCROOT}/Pods/Target Support Files/Pods-HoopsTests/Pods-HoopsTests-frameworks.sh"
</string>
			<key>showEnvVarsInLog</key>
			<string>0</string>
		</dict>
		<key>77CBB4E4847D4791900A4C33</key>
		<dict>
			<key>explicitFileType</key>
			<string>undefined</string>
			<key>fileEncoding</key>
			<string>9</string>
			<key>includeInIndex</key>
			<string>0</string>
			<key>isa</key>
			<string>PBXFileReference</string>
			<key>lastKnownFileType</key>
			<string>archive.ar</string>
			<key>path</key>
			<string>libRCTFBSDK.a</string>
			<key>sourceTree</key>
			<string>&lt;group&gt;</string>
		</dict>
		<key>78C398B01ACF4ADC00677621</key>
		<dict>
			<key>isa</key>
			<string>PBXFileReference</string>
			<key>lastKnownFileType</key>
			<string>wrapper.pb-project</string>
			<key>name</key>
			<string>RCTLinking.xcodeproj</string>
			<key>path</key>
			<string>../node_modules/react-native/Libraries/LinkingIOS/RCTLinking.xcodeproj</string>
			<key>sourceTree</key>
			<string>&lt;group&gt;</string>
		</dict>
		<key>78C398B11ACF4ADC00677621</key>
		<dict>
			<key>children</key>
			<array>
				<string>78C398B91ACF4ADC00677621</string>
			</array>
			<key>isa</key>
			<string>PBXGroup</string>
			<key>name</key>
			<string>Products</string>
			<key>sourceTree</key>
			<string>&lt;group&gt;</string>
		</dict>
		<key>78C398B81ACF4ADC00677621</key>
		<dict>
			<key>containerPortal</key>
			<string>78C398B01ACF4ADC00677621</string>
			<key>isa</key>
			<string>PBXContainerItemProxy</string>
			<key>proxyType</key>
			<string>2</string>
			<key>remoteGlobalIDString</key>
			<string>134814201AA4EA6300B7C361</string>
			<key>remoteInfo</key>
			<string>RCTLinking</string>
		</dict>
		<key>78C398B91ACF4ADC00677621</key>
		<dict>
			<key>fileType</key>
			<string>archive.ar</string>
			<key>isa</key>
			<string>PBXReferenceProxy</string>
			<key>path</key>
			<string>libRCTLinking.a</string>
			<key>remoteRef</key>
			<string>78C398B81ACF4ADC00677621</string>
			<key>sourceTree</key>
			<string>BUILT_PRODUCTS_DIR</string>
		</dict>
		<key>7925FE4CB3E555A337891DD0</key>
		<dict>
			<key>fileRef</key>
			<string>9D60E6630B31368B588BEBC2</string>
			<key>isa</key>
			<string>PBXBuildFile</string>
		</dict>
		<key>7E546B389165EE39C2223E49</key>
		<dict>
			<key>fileRef</key>
			<string>4AAF19993A3ECFBF6A2DB077</string>
			<key>isa</key>
			<string>PBXBuildFile</string>
		</dict>
		<key>82F8030371FE4D5A9F2B642A</key>
		<dict>
			<key>explicitFileType</key>
			<string>undefined</string>
			<key>fileEncoding</key>
			<string>9</string>
			<key>includeInIndex</key>
			<string>0</string>
			<key>isa</key>
			<string>PBXFileReference</string>
			<key>lastKnownFileType</key>
			<string>wrapper.pb-project</string>
			<key>name</key>
			<string>RNI18n.xcodeproj</string>
			<key>path</key>
			<string>../node_modules/react-native-i18n/RNI18n.xcodeproj</string>
			<key>sourceTree</key>
			<string>&lt;group&gt;</string>
		</dict>
		<key>832341AE1AAA6A7D00B99B32</key>
		<dict>
			<key>children</key>
			<array>
				<string>27A15B341DB63070008C2A16</string>
				<string>146833FF1AC3E56700842450</string>
				<string>00C302A71ABCB8CE00DB3ED1</string>
				<string>00C302B51ABCB90400DB3ED1</string>
				<string>00C302BB1ABCB91800DB3ED1</string>
				<string>78C398B01ACF4ADC00677621</string>
				<string>00C302D31ABCB9D200DB3ED1</string>
				<string>139105B61AF99BAD00B5F7CC</string>
				<string>832341B01AAA6A8300B99B32</string>
				<string>00C302DF1ABCB9EE00DB3ED1</string>
				<string>139FDEE61B06529A00C62182</string>
				<string>82F8030371FE4D5A9F2B642A</string>
				<string>D63AA81A6A484AD29657DCC3</string>
				<string>385BBA2870144C5A8528D869</string>
				<string>DA3DB39272894699A885FA29</string>
			</array>
			<key>isa</key>
			<string>PBXGroup</string>
			<key>name</key>
			<string>Libraries</string>
			<key>sourceTree</key>
			<string>&lt;group&gt;</string>
		</dict>
		<key>832341B01AAA6A8300B99B32</key>
		<dict>
			<key>isa</key>
			<string>PBXFileReference</string>
			<key>lastKnownFileType</key>
			<string>wrapper.pb-project</string>
			<key>name</key>
			<string>RCTText.xcodeproj</string>
			<key>path</key>
			<string>../node_modules/react-native/Libraries/Text/RCTText.xcodeproj</string>
			<key>sourceTree</key>
			<string>&lt;group&gt;</string>
		</dict>
		<key>832341B11AAA6A8300B99B32</key>
		<dict>
			<key>children</key>
			<array>
				<string>832341B51AAA6A8300B99B32</string>
			</array>
			<key>isa</key>
			<string>PBXGroup</string>
			<key>name</key>
			<string>Products</string>
			<key>sourceTree</key>
			<string>&lt;group&gt;</string>
		</dict>
		<key>832341B41AAA6A8300B99B32</key>
		<dict>
			<key>containerPortal</key>
			<string>832341B01AAA6A8300B99B32</string>
			<key>isa</key>
			<string>PBXContainerItemProxy</string>
			<key>proxyType</key>
			<string>2</string>
			<key>remoteGlobalIDString</key>
			<string>58B5119B1A9E6C1200147676</string>
			<key>remoteInfo</key>
			<string>RCTText</string>
		</dict>
		<key>832341B51AAA6A8300B99B32</key>
		<dict>
			<key>fileType</key>
			<string>archive.ar</string>
			<key>isa</key>
			<string>PBXReferenceProxy</string>
			<key>path</key>
			<string>libRCTText.a</string>
			<key>remoteRef</key>
			<string>832341B41AAA6A8300B99B32</string>
			<key>sourceTree</key>
			<string>BUILT_PRODUCTS_DIR</string>
		</dict>
		<key>832341BD1AAA6AB300B99B32</key>
		<dict>
			<key>fileRef</key>
			<string>832341B51AAA6A8300B99B32</string>
			<key>isa</key>
			<string>PBXBuildFile</string>
		</dict>
		<key>83CBB9F61A601CBA00E9B192</key>
		<dict>
			<key>children</key>
			<array>
				<string>13B07FAE1A68108700A75B9A</string>
				<string>832341AE1AAA6A7D00B99B32</string>
				<string>00E356EF1AD99517003FC87E</string>
				<string>83CBBA001A601CBA00E9B192</string>
				<string>220C68D57A8847C8A66DDD27</string>
				<string>E5FE498412B376C3EA7157E9</string>
				<string>9BACAC3508B49380757871B9</string>
			</array>
			<key>indentWidth</key>
			<string>2</string>
			<key>isa</key>
			<string>PBXGroup</string>
			<key>sourceTree</key>
			<string>&lt;group&gt;</string>
			<key>tabWidth</key>
			<string>2</string>
		</dict>
		<key>83CBB9F71A601CBA00E9B192</key>
		<dict>
			<key>attributes</key>
			<dict>
				<key>LastUpgradeCheck</key>
				<string>800</string>
				<key>ORGANIZATIONNAME</key>
				<string>Facebook</string>
				<key>TargetAttributes</key>
				<dict>
					<key>00E356ED1AD99517003FC87E</key>
					<dict>
						<key>CreatedOnToolsVersion</key>
						<string>6.2</string>
						<key>DevelopmentTeam</key>
						<string>LL5NHVZ73V</string>
					</dict>
					<key>13B07F861A680F5B00A75B9A</key>
					<dict>
						<key>DevelopmentTeam</key>
						<string>56X44JC869</string>
						<key>SystemCapabilities</key>
						<dict>
							<key>com.apple.BackgroundModes</key>
							<dict>
								<key>enabled</key>
								<string>1</string>
							</dict>
							<key>com.apple.Keychain</key>
							<dict>
								<key>enabled</key>
								<string>1</string>
							</dict>
							<key>com.apple.Push</key>
							<dict>
								<key>enabled</key>
								<string>1</string>
							</dict>
						</dict>
					</dict>
				</dict>
			</dict>
			<key>buildConfigurationList</key>
			<string>83CBB9FA1A601CBA00E9B192</string>
			<key>compatibilityVersion</key>
			<string>Xcode 3.2</string>
			<key>developmentRegion</key>
			<string>English</string>
			<key>hasScannedForEncodings</key>
			<string>0</string>
			<key>isa</key>
			<string>PBXProject</string>
			<key>knownRegions</key>
			<array>
				<string>en</string>
				<string>Base</string>
			</array>
			<key>mainGroup</key>
			<string>83CBB9F61A601CBA00E9B192</string>
			<key>productRefGroup</key>
			<string>83CBBA001A601CBA00E9B192</string>
			<key>projectDirPath</key>
			<string></string>
			<key>projectReferences</key>
			<array>
				<dict>
					<key>ProductGroup</key>
					<string>00C302A81ABCB8CE00DB3ED1</string>
					<key>ProjectRef</key>
					<string>00C302A71ABCB8CE00DB3ED1</string>
				</dict>
				<dict>
					<key>ProductGroup</key>
					<string>27A15B351DB63070008C2A16</string>
					<key>ProjectRef</key>
					<string>27A15B341DB63070008C2A16</string>
				</dict>
				<dict>
					<key>ProductGroup</key>
					<string>27A98DD51D817B1E00AD839C</string>
					<key>ProjectRef</key>
					<string>D63AA81A6A484AD29657DCC3</string>
				</dict>
				<dict>
					<key>ProductGroup</key>
					<string>00C302B61ABCB90400DB3ED1</string>
					<key>ProjectRef</key>
					<string>00C302B51ABCB90400DB3ED1</string>
				</dict>
				<dict>
					<key>ProductGroup</key>
					<string>00C302BC1ABCB91800DB3ED1</string>
					<key>ProjectRef</key>
					<string>00C302BB1ABCB91800DB3ED1</string>
				</dict>
				<dict>
					<key>ProductGroup</key>
					<string>78C398B11ACF4ADC00677621</string>
					<key>ProjectRef</key>
					<string>78C398B01ACF4ADC00677621</string>
				</dict>
				<dict>
					<key>ProductGroup</key>
					<string>00C302D41ABCB9D200DB3ED1</string>
					<key>ProjectRef</key>
					<string>00C302D31ABCB9D200DB3ED1</string>
				</dict>
				<dict>
					<key>ProductGroup</key>
					<string>139105B71AF99BAD00B5F7CC</string>
					<key>ProjectRef</key>
					<string>139105B61AF99BAD00B5F7CC</string>
				</dict>
				<dict>
					<key>ProductGroup</key>
					<string>832341B11AAA6A8300B99B32</string>
					<key>ProjectRef</key>
					<string>832341B01AAA6A8300B99B32</string>
				</dict>
				<dict>
					<key>ProductGroup</key>
					<string>00C302E01ABCB9EE00DB3ED1</string>
					<key>ProjectRef</key>
					<string>00C302DF1ABCB9EE00DB3ED1</string>
				</dict>
				<dict>
					<key>ProductGroup</key>
					<string>139FDEE71B06529A00C62182</string>
					<key>ProjectRef</key>
					<string>139FDEE61B06529A00C62182</string>
				</dict>
				<dict>
					<key>ProductGroup</key>
					<string>146834001AC3E56700842450</string>
					<key>ProjectRef</key>
					<string>146833FF1AC3E56700842450</string>
				</dict>
				<dict>
					<key>ProductGroup</key>
					<string>27A15B571DB64542008C2A16</string>
					<key>ProjectRef</key>
					<string>385BBA2870144C5A8528D869</string>
				</dict>
				<dict>
					<key>ProductGroup</key>
					<string>2783E31E1DBE5D9200A672F0</string>
					<key>ProjectRef</key>
					<string>DA3DB39272894699A885FA29</string>
				</dict>
				<dict>
					<key>ProductGroup</key>
					<string>22A666701D51C12F0051D233</string>
					<key>ProjectRef</key>
					<string>82F8030371FE4D5A9F2B642A</string>
				</dict>
			</array>
			<key>projectRoot</key>
			<string></string>
			<key>targets</key>
			<array>
				<string>13B07F861A680F5B00A75B9A</string>
				<string>00E356ED1AD99517003FC87E</string>
			</array>
		</dict>
		<key>83CBB9FA1A601CBA00E9B192</key>
		<dict>
			<key>buildConfigurations</key>
			<array>
				<string>83CBBA201A601CBA00E9B192</string>
				<string>83CBBA211A601CBA00E9B192</string>
			</array>
			<key>defaultConfigurationIsVisible</key>
			<string>0</string>
			<key>defaultConfigurationName</key>
			<string>Release</string>
			<key>isa</key>
			<string>XCConfigurationList</string>
		</dict>
		<key>83CBBA001A601CBA00E9B192</key>
		<dict>
			<key>children</key>
			<array>
				<string>13B07F961A680F5B00A75B9A</string>
				<string>00E356EE1AD99517003FC87E</string>
			</array>
			<key>isa</key>
			<string>PBXGroup</string>
			<key>name</key>
			<string>Products</string>
			<key>sourceTree</key>
			<string>&lt;group&gt;</string>
		</dict>
		<key>83CBBA201A601CBA00E9B192</key>
		<dict>
			<key>buildSettings</key>
			<dict>
				<key>ALWAYS_SEARCH_USER_PATHS</key>
				<string>NO</string>
				<key>CLANG_CXX_LANGUAGE_STANDARD</key>
				<string>gnu++0x</string>
				<key>CLANG_CXX_LIBRARY</key>
				<string>libc++</string>
				<key>CLANG_ENABLE_MODULES</key>
				<string>YES</string>
				<key>CLANG_ENABLE_OBJC_ARC</key>
				<string>YES</string>
				<key>CLANG_WARN_BOOL_CONVERSION</key>
				<string>YES</string>
				<key>CLANG_WARN_CONSTANT_CONVERSION</key>
				<string>YES</string>
				<key>CLANG_WARN_DIRECT_OBJC_ISA_USAGE</key>
				<string>YES_ERROR</string>
				<key>CLANG_WARN_EMPTY_BODY</key>
				<string>YES</string>
				<key>CLANG_WARN_ENUM_CONVERSION</key>
				<string>YES</string>
				<key>CLANG_WARN_INFINITE_RECURSION</key>
				<string>YES</string>
				<key>CLANG_WARN_INT_CONVERSION</key>
				<string>YES</string>
				<key>CLANG_WARN_OBJC_ROOT_CLASS</key>
				<string>YES_ERROR</string>
				<key>CLANG_WARN_SUSPICIOUS_MOVE</key>
				<string>YES</string>
				<key>CLANG_WARN_UNREACHABLE_CODE</key>
				<string>YES</string>
				<key>CLANG_WARN__DUPLICATE_METHOD_MATCH</key>
				<string>YES</string>
				<key>CODE_SIGN_IDENTITY[sdk=iphoneos*]</key>
				<string>iPhone Developer</string>
				<key>COPY_PHASE_STRIP</key>
				<string>NO</string>
				<key>ENABLE_STRICT_OBJC_MSGSEND</key>
				<string>YES</string>
				<key>ENABLE_TESTABILITY</key>
				<string>YES</string>
				<key>GCC_C_LANGUAGE_STANDARD</key>
				<string>gnu99</string>
				<key>GCC_DYNAMIC_NO_PIC</key>
				<string>NO</string>
				<key>GCC_NO_COMMON_BLOCKS</key>
				<string>YES</string>
				<key>GCC_OPTIMIZATION_LEVEL</key>
				<string>0</string>
				<key>GCC_PREPROCESSOR_DEFINITIONS</key>
				<array>
					<string>DEBUG=1</string>
					<string>$(inherited)</string>
				</array>
				<key>GCC_SYMBOLS_PRIVATE_EXTERN</key>
				<string>NO</string>
				<key>GCC_WARN_64_TO_32_BIT_CONVERSION</key>
				<string>YES</string>
				<key>GCC_WARN_ABOUT_RETURN_TYPE</key>
				<string>YES_ERROR</string>
				<key>GCC_WARN_UNDECLARED_SELECTOR</key>
				<string>YES</string>
				<key>GCC_WARN_UNINITIALIZED_AUTOS</key>
				<string>YES_AGGRESSIVE</string>
				<key>GCC_WARN_UNUSED_FUNCTION</key>
				<string>YES</string>
				<key>GCC_WARN_UNUSED_VARIABLE</key>
				<string>YES</string>
				<key>HEADER_SEARCH_PATHS</key>
				<array>
					<string>$(inherited)</string>
					<string>/Applications/Xcode.app/Contents/Developer/Toolchains/XcodeDefault.xctoolchain/usr/include</string>
					<string>$(SRCROOT)/../node_modules/react-native/React/**</string>
					<string>$(SRCROOT)/../node_modules/react-native-i18n/RNI18n</string>
					<string>$(SRCROOT)/../node_modules/react-native-fbsdk/ios/RCTFBSDK/**</string>
					<string>$(SRCROOT)/../node_modules/react-native-fetch-blob/ios/**</string>
					<string>$(SRCROOT)/../node_modules/react-native-fcm/ios</string>
				</array>
				<key>IPHONEOS_DEPLOYMENT_TARGET</key>
				<string>8.0</string>
				<key>MTL_ENABLE_DEBUG_INFO</key>
				<string>YES</string>
				<key>ONLY_ACTIVE_ARCH</key>
				<string>YES</string>
				<key>SDKROOT</key>
				<string>iphoneos</string>
			</dict>
			<key>isa</key>
			<string>XCBuildConfiguration</string>
			<key>name</key>
			<string>Debug</string>
		</dict>
		<key>83CBBA211A601CBA00E9B192</key>
		<dict>
			<key>buildSettings</key>
			<dict>
				<key>ALWAYS_SEARCH_USER_PATHS</key>
				<string>NO</string>
				<key>CLANG_CXX_LANGUAGE_STANDARD</key>
				<string>gnu++0x</string>
				<key>CLANG_CXX_LIBRARY</key>
				<string>libc++</string>
				<key>CLANG_ENABLE_MODULES</key>
				<string>YES</string>
				<key>CLANG_ENABLE_OBJC_ARC</key>
				<string>YES</string>
				<key>CLANG_WARN_BOOL_CONVERSION</key>
				<string>YES</string>
				<key>CLANG_WARN_CONSTANT_CONVERSION</key>
				<string>YES</string>
				<key>CLANG_WARN_DIRECT_OBJC_ISA_USAGE</key>
				<string>YES_ERROR</string>
				<key>CLANG_WARN_EMPTY_BODY</key>
				<string>YES</string>
				<key>CLANG_WARN_ENUM_CONVERSION</key>
				<string>YES</string>
				<key>CLANG_WARN_INFINITE_RECURSION</key>
				<string>YES</string>
				<key>CLANG_WARN_INT_CONVERSION</key>
				<string>YES</string>
				<key>CLANG_WARN_OBJC_ROOT_CLASS</key>
				<string>YES_ERROR</string>
				<key>CLANG_WARN_SUSPICIOUS_MOVE</key>
				<string>YES</string>
				<key>CLANG_WARN_UNREACHABLE_CODE</key>
				<string>YES</string>
				<key>CLANG_WARN__DUPLICATE_METHOD_MATCH</key>
				<string>YES</string>
				<key>CODE_SIGN_IDENTITY[sdk=iphoneos*]</key>
				<string>iPhone Developer</string>
				<key>COPY_PHASE_STRIP</key>
				<string>YES</string>
				<key>ENABLE_NS_ASSERTIONS</key>
				<string>NO</string>
				<key>ENABLE_STRICT_OBJC_MSGSEND</key>
				<string>YES</string>
				<key>GCC_C_LANGUAGE_STANDARD</key>
				<string>gnu99</string>
				<key>GCC_NO_COMMON_BLOCKS</key>
				<string>YES</string>
				<key>GCC_WARN_64_TO_32_BIT_CONVERSION</key>
				<string>YES</string>
				<key>GCC_WARN_ABOUT_RETURN_TYPE</key>
				<string>YES_ERROR</string>
				<key>GCC_WARN_UNDECLARED_SELECTOR</key>
				<string>YES</string>
				<key>GCC_WARN_UNINITIALIZED_AUTOS</key>
				<string>YES_AGGRESSIVE</string>
				<key>GCC_WARN_UNUSED_FUNCTION</key>
				<string>YES</string>
				<key>GCC_WARN_UNUSED_VARIABLE</key>
				<string>YES</string>
				<key>HEADER_SEARCH_PATHS</key>
				<array>
					<string>$(inherited)</string>
					<string>/Applications/Xcode.app/Contents/Developer/Toolchains/XcodeDefault.xctoolchain/usr/include</string>
					<string>$(SRCROOT)/../node_modules/react-native/React/**</string>
					<string>$(SRCROOT)/../node_modules/react-native-i18n/RNI18n</string>
					<string>$(SRCROOT)/../node_modules/react-native-fbsdk/ios/RCTFBSDK/**</string>
					<string>$(SRCROOT)/../node_modules/react-native-fetch-blob/ios/**</string>
					<string>$(SRCROOT)/../node_modules/react-native-fcm/ios</string>
				</array>
				<key>IPHONEOS_DEPLOYMENT_TARGET</key>
				<string>8.0</string>
				<key>MTL_ENABLE_DEBUG_INFO</key>
				<string>NO</string>
				<key>SDKROOT</key>
				<string>iphoneos</string>
				<key>VALIDATE_PRODUCT</key>
				<string>YES</string>
			</dict>
			<key>isa</key>
			<string>XCBuildConfiguration</string>
			<key>name</key>
			<string>Release</string>
		</dict>
		<key>933F1308FE4D49F7A1C2B222</key>
		<dict>
			<key>explicitFileType</key>
			<string>undefined</string>
			<key>fileEncoding</key>
			<string>9</string>
			<key>includeInIndex</key>
			<string>0</string>
			<key>isa</key>
			<string>PBXFileReference</string>
			<key>lastKnownFileType</key>
			<string>archive.ar</string>
			<key>path</key>
			<string>libRNFetchBlob.a</string>
			<key>sourceTree</key>
			<string>&lt;group&gt;</string>
		</dict>
		<key>9BACAC3508B49380757871B9</key>
		<dict>
			<key>children</key>
			<array>
				<string>2783E30E1DBE45EA00A672F0</string>
				<string>27A98DC81D8178CF00AD839C</string>
				<string>27A98DC61D8177B300AD839C</string>
				<string>27A98DC41D8177A700AD839C</string>
				<string>27A98DB61D81779C00AD839C</string>
				<string>9D60E6630B31368B588BEBC2</string>
				<string>4AAF19993A3ECFBF6A2DB077</string>
			</array>
			<key>isa</key>
			<string>PBXGroup</string>
			<key>name</key>
			<string>Frameworks</string>
			<key>sourceTree</key>
			<string>&lt;group&gt;</string>
		</dict>
		<key>9D60E6630B31368B588BEBC2</key>
		<dict>
			<key>explicitFileType</key>
			<string>wrapper.framework</string>
			<key>includeInIndex</key>
			<string>0</string>
			<key>isa</key>
			<string>PBXFileReference</string>
			<key>path</key>
			<string>Pods_Hoops.framework</string>
			<key>sourceTree</key>
			<string>BUILT_PRODUCTS_DIR</string>
		</dict>
		<key>A6A8226E31B248E19A4EFFA9</key>
		<dict>
			<key>fileRef</key>
			<string>933F1308FE4D49F7A1C2B222</string>
			<key>isa</key>
			<string>PBXBuildFile</string>
		</dict>
		<key>C1E3578B3B2243B3872707AB</key>
		<dict>
			<key>explicitFileType</key>
			<string>undefined</string>
			<key>fileEncoding</key>
			<string>9</string>
			<key>includeInIndex</key>
			<string>0</string>
			<key>isa</key>
			<string>PBXFileReference</string>
			<key>lastKnownFileType</key>
			<string>unknown</string>
			<key>name</key>
			<string>SourceSansPro-Bold.ttf</string>
			<key>path</key>
			<string>../src/ui/styles/resources/fonts/SourceSansPro-Bold.ttf</string>
			<key>sourceTree</key>
			<string>&lt;group&gt;</string>
		</dict>
		<key>C2298F14567D0D8463DAF8ED</key>
		<dict>
			<key>includeInIndex</key>
			<string>1</string>
			<key>isa</key>
			<string>PBXFileReference</string>
			<key>lastKnownFileType</key>
			<string>text.xcconfig</string>
			<key>name</key>
			<string>Pods-HoopsTests.release.xcconfig</string>
			<key>path</key>
			<string>Pods/Target Support Files/Pods-HoopsTests/Pods-HoopsTests.release.xcconfig</string>
			<key>sourceTree</key>
			<string>&lt;group&gt;</string>
		</dict>
		<key>C6EDD0399F6244A98794587E</key>
		<dict>
			<key>fileRef</key>
			<string>354872BBCA0E4B78AFFCF849</string>
			<key>isa</key>
			<string>PBXBuildFile</string>
		</dict>
		<key>D505E7147B2755CE9ED4C879</key>
		<dict>
			<key>buildActionMask</key>
			<string>2147483647</string>
			<key>files</key>
			<array/>
			<key>inputPaths</key>
			<array/>
			<key>isa</key>
			<string>PBXShellScriptBuildPhase</string>
			<key>name</key>
			<string>&#128230; Embed Pods Frameworks</string>
			<key>outputPaths</key>
			<array/>
			<key>runOnlyForDeploymentPostprocessing</key>
			<string>0</string>
			<key>shellPath</key>
			<string>/bin/sh</string>
			<key>shellScript</key>
			<string>"${SRCROOT}/Pods/Target Support Files/Pods-Hoops/Pods-Hoops-frameworks.sh"
</string>
			<key>showEnvVarsInLog</key>
			<string>0</string>
		</dict>
		<key>D63AA81A6A484AD29657DCC3</key>
		<dict>
			<key>explicitFileType</key>
			<string>undefined</string>
			<key>fileEncoding</key>
			<string>9</string>
			<key>includeInIndex</key>
			<string>0</string>
			<key>isa</key>
			<string>PBXFileReference</string>
			<key>lastKnownFileType</key>
			<string>wrapper.pb-project</string>
			<key>name</key>
			<string>RCTFBSDK.xcodeproj</string>
			<key>path</key>
			<string>../node_modules/react-native-fbsdk/ios/RCTFBSDK.xcodeproj</string>
			<key>sourceTree</key>
			<string>&lt;group&gt;</string>
		</dict>
		<key>DA3DB39272894699A885FA29</key>
		<dict>
			<key>explicitFileType</key>
			<string>undefined</string>
			<key>fileEncoding</key>
			<string>9</string>
			<key>includeInIndex</key>
			<string>0</string>
			<key>isa</key>
			<string>PBXFileReference</string>
			<key>lastKnownFileType</key>
			<string>wrapper.pb-project</string>
			<key>name</key>
			<string>RNFIRMessaging.xcodeproj</string>
			<key>path</key>
			<string>../node_modules/react-native-fcm/ios/RNFIRMessaging.xcodeproj</string>
			<key>sourceTree</key>
			<string>&lt;group&gt;</string>
		</dict>
		<key>DBC93FF00A3F2E3C5DB1F08C</key>
		<dict>
			<key>buildActionMask</key>
			<string>2147483647</string>
			<key>files</key>
			<array/>
			<key>inputPaths</key>
			<array/>
			<key>isa</key>
			<string>PBXShellScriptBuildPhase</string>
			<key>name</key>
			<string>&#128230; Copy Pods Resources</string>
			<key>outputPaths</key>
			<array/>
			<key>runOnlyForDeploymentPostprocessing</key>
			<string>0</string>
			<key>shellPath</key>
			<string>/bin/sh</string>
			<key>shellScript</key>
			<string>"${SRCROOT}/Pods/Target Support Files/Pods-HoopsTests/Pods-HoopsTests-resources.sh"
</string>
			<key>showEnvVarsInLog</key>
			<string>0</string>
		</dict>
		<key>DE6748884753E330CC461477</key>
		<dict>
			<key>buildActionMask</key>
			<string>2147483647</string>
			<key>files</key>
			<array/>
			<key>inputPaths</key>
			<array/>
			<key>isa</key>
			<string>PBXShellScriptBuildPhase</string>
			<key>name</key>
			<string>&#128230; Check Pods Manifest.lock</string>
			<key>outputPaths</key>
			<array/>
			<key>runOnlyForDeploymentPostprocessing</key>
			<string>0</string>
			<key>shellPath</key>
			<string>/bin/sh</string>
			<key>shellScript</key>
			<string>diff "${PODS_ROOT}/../Podfile.lock" "${PODS_ROOT}/Manifest.lock" &gt; /dev/null
if [[ $? != 0 ]] ; then
    cat &lt;&lt; EOM
error: The sandbox is not in sync with the Podfile.lock. Run 'pod install' or update your CocoaPods installation.
EOM
    exit 1
fi
</string>
			<key>showEnvVarsInLog</key>
			<string>0</string>
		</dict>
		<key>E5FE498412B376C3EA7157E9</key>
		<dict>
			<key>children</key>
			<array>
				<string>095FECAA74E0A384CFA54C1B</string>
				<string>44592B4F3EACE20E3D0EB671</string>
				<string>18950785B3BF51BC38BBC87C</string>
				<string>C2298F14567D0D8463DAF8ED</string>
			</array>
			<key>isa</key>
			<string>PBXGroup</string>
			<key>name</key>
			<string>Pods</string>
			<key>sourceTree</key>
			<string>&lt;group&gt;</string>
		</dict>
		<key>E7FF0860C1CF4F458FE99B4F</key>
		<dict>
			<key>fileRef</key>
			<string>1E4494564083491AA550DDBE</string>
			<key>isa</key>
			<string>PBXBuildFile</string>
		</dict>
		<key>F2D4D5B1546C48D49A6F9318</key>
		<dict>
			<key>explicitFileType</key>
			<string>undefined</string>
			<key>fileEncoding</key>
			<string>9</string>
			<key>includeInIndex</key>
			<string>0</string>
			<key>isa</key>
			<string>PBXFileReference</string>
			<key>lastKnownFileType</key>
			<string>archive.ar</string>
			<key>path</key>
			<string>libRNI18n.a</string>
			<key>sourceTree</key>
			<string>&lt;group&gt;</string>
		</dict>
		<key>F5530B4363D74FD289FEE1A6</key>
		<dict>
			<key>fileRef</key>
			<string>033E7AE95FAF4D259A761CE2</string>
			<key>isa</key>
			<string>PBXBuildFile</string>
		</dict>
	</dict>
	<key>rootObject</key>
	<string>83CBB9F71A601CBA00E9B192</string>
</dict>
</plist>
